
Microsoft Visual Studio Solution File, Format Version 12.00
# Visual Studio Version 17
VisualStudioVersion = 17.7.34031.279
MinimumVisualStudioVersion = 10.0.40219.1
Project("{9A19103F-16F7-4668-BE54-9A1E7A4F7556}") = "WifiScannerTri", "WifiScannerTri.csproj", "{DEA8A833-33AB-48F7-B904-996C907829D7}"
EndProject
Project("{9A19103F-16F7-4668-BE54-9A1E7A4F7556}") = "WifiScannerTri.Android", "..\WifiScannerTri.Android\WifiScannerTri.Android.csproj", "{1FC389CC-0504-42BF-AF7D-393BD92D1F33}"
EndProject
Project("{9A19103F-16F7-4668-BE54-9A1E7A4F7556}") = "WifiScannerTri.Desktop", "..\WifiScannerTri.Desktop\WifiScannerTri.Desktop.csproj", "{6D586C4E-79A7-431F-B863-FA7869B39899}"
EndProject
Project("{2150E333-8FDC-42A3-9474-1A3956D46DE8}") = "Tri", "Tri", "{6F5DDA8E-0A34-4AE3-89A8-3E63345BF3E3}"
EndProject
Project("{2150E333-8FDC-42A3-9474-1A3956D46DE8}") = "Pedwar", "Pedwar", "{336E1207-82D0-4BD8-B7F8-25EC7E72C90B}"
EndProject
Project("{9A19103F-16F7-4668-BE54-9A1E7A4F7556}") = "WifiScannerPedwar", "..\..\WifiScannerPedwar\WifiScannerPedwar\WifiScannerPedwar.csproj", "{A8418513-AC1C-434F-9237-860B57E7F0A3}"
EndProject
Project("{9A19103F-16F7-4668-BE54-9A1E7A4F7556}") = "WifiScannerPedwar.Android", "..\..\WifiScannerPedwar\WifiScannerPedwar.Android\WifiScannerPedwar.Android.csproj", "{B07C707F-16E9-4C11-AB75-8592BBE53002}"
EndProject
Project("{9A19103F-16F7-4668-BE54-9A1E7A4F7556}") = "WifiScannerPedwar.Desktop", "..\..\WifiScannerPedwar\WifiScannerPedwar.Desktop\WifiScannerPedwar.Desktop.csproj", "{E9344561-C904-4327-9442-ECBF0DECC309}"
EndProject
Project("{9A19103F-16F7-4668-BE54-9A1E7A4F7556}") = "WifiScannerLib", "..\..\WifiScannerLib\WifiScannerLib.csproj", "{C2FE5907-C168-4259-B428-76AE551BFF45}"
EndProject
Global
	GlobalSection(SolutionConfigurationPlatforms) = preSolution
		Debug|Any CPU = Debug|Any CPU
		Release|Any CPU = Release|Any CPU
	EndGlobalSection
	GlobalSection(ProjectConfigurationPlatforms) = postSolution
		{DEA8A833-33AB-48F7-B904-996C907829D7}.Debug|Any CPU.ActiveCfg = Debug|Any CPU
		{DEA8A833-33AB-48F7-B904-996C907829D7}.Debug|Any CPU.Build.0 = Debug|Any CPU
		{DEA8A833-33AB-48F7-B904-996C907829D7}.Release|Any CPU.ActiveCfg = Release|Any CPU
		{DEA8A833-33AB-48F7-B904-996C907829D7}.Release|Any CPU.Build.0 = Release|Any CPU
		{1FC389CC-0504-42BF-AF7D-393BD92D1F33}.Debug|Any CPU.ActiveCfg = Debug|Any CPU
		{1FC389CC-0504-42BF-AF7D-393BD92D1F33}.Debug|Any CPU.Build.0 = Debug|Any CPU
		{1FC389CC-0504-42BF-AF7D-393BD92D1F33}.Debug|Any CPU.Deploy.0 = Debug|Any CPU
		{1FC389CC-0504-42BF-AF7D-393BD92D1F33}.Release|Any CPU.ActiveCfg = Release|Any CPU
		{1FC389CC-0504-42BF-AF7D-393BD92D1F33}.Release|Any CPU.Build.0 = Release|Any CPU
		{1FC389CC-0504-42BF-AF7D-393BD92D1F33}.Release|Any CPU.Deploy.0 = Release|Any CPU
		{6D586C4E-79A7-431F-B863-FA7869B39899}.Debug|Any CPU.ActiveCfg = Debug|Any CPU
		{6D586C4E-79A7-431F-B863-FA7869B39899}.Debug|Any CPU.Build.0 = Debug|Any CPU
		{6D586C4E-79A7-431F-B863-FA7869B39899}.Release|Any CPU.ActiveCfg = Release|Any CPU
		{6D586C4E-79A7-431F-B863-FA7869B39899}.Release|Any CPU.Build.0 = Release|Any CPU
		{A8418513-AC1C-434F-9237-860B57E7F0A3}.Debug|Any CPU.ActiveCfg = Debug|Any CPU
		{A8418513-AC1C-434F-9237-860B57E7F0A3}.Debug|Any CPU.Build.0 = Debug|Any CPU
		{A8418513-AC1C-434F-9237-860B57E7F0A3}.Release|Any CPU.ActiveCfg = Release|Any CPU
		{A8418513-AC1C-434F-9237-860B57E7F0A3}.Release|Any CPU.Build.0 = Release|Any CPU
		{B07C707F-16E9-4C11-AB75-8592BBE53002}.Debug|Any CPU.ActiveCfg = Debug|Any CPU
		{B07C707F-16E9-4C11-AB75-8592BBE53002}.Debug|Any CPU.Build.0 = Debug|Any CPU
		{B07C707F-16E9-4C11-AB75-8592BBE53002}.Debug|Any CPU.Deploy.0 = Debug|Any CPU
		{B07C707F-16E9-4C11-AB75-8592BBE53002}.Release|Any CPU.ActiveCfg = Release|Any CPU
		{B07C707F-16E9-4C11-AB75-8592BBE53002}.Release|Any CPU.Build.0 = Release|Any CPU
		{B07C707F-16E9-4C11-AB75-8592BBE53002}.Release|Any CPU.Deploy.0 = Release|Any CPU
		{E9344561-C904-4327-9442-ECBF0DECC309}.Debug|Any CPU.ActiveCfg = Debug|Any CPU
		{E9344561-C904-4327-9442-ECBF0DECC309}.Debug|Any CPU.Build.0 = Debug|Any CPU
		{E9344561-C904-4327-9442-ECBF0DECC309}.Release|Any CPU.ActiveCfg = Release|Any CPU
		{E9344561-C904-4327-9442-ECBF0DECC309}.Release|Any CPU.Build.0 = Release|Any CPU
		{C2FE5907-C168-4259-B428-76AE551BFF45}.Debug|Any CPU.ActiveCfg = Debug|Any CPU
		{C2FE5907-C168-4259-B428-76AE551BFF45}.Debug|Any CPU.Build.0 = Debug|Any CPU
		{C2FE5907-C168-4259-B428-76AE551BFF45}.Release|Any CPU.ActiveCfg = Release|Any CPU
		{C2FE5907-C168-4259-B428-76AE551BFF45}.Release|Any CPU.Build.0 = Release|Any CPU
	EndGlobalSection
	GlobalSection(SolutionProperties) = preSolution
		HideSolutionNode = FALSE
	EndGlobalSection
	GlobalSection(NestedProjects) = preSolution
		{DEA8A833-33AB-48F7-B904-996C907829D7} = {6F5DDA8E-0A34-4AE3-89A8-3E63345BF3E3}
		{1FC389CC-0504-42BF-AF7D-393BD92D1F33} = {6F5DDA8E-0A34-4AE3-89A8-3E63345BF3E3}
		{6D586C4E-79A7-431F-B863-FA7869B39899} = {6F5DDA8E-0A34-4AE3-89A8-3E63345BF3E3}
		{A8418513-AC1C-434F-9237-860B57E7F0A3} = {336E1207-82D0-4BD8-B7F8-25EC7E72C90B}
		{B07C707F-16E9-4C11-AB75-8592BBE53002} = {336E1207-82D0-4BD8-B7F8-25EC7E72C90B}
		{E9344561-C904-4327-9442-ECBF0DECC309} = {336E1207-82D0-4BD8-B7F8-25EC7E72C90B}
	EndGlobalSection
	GlobalSection(ExtensibilityGlobals) = postSolution
		SolutionGuid = {99FB6E4E-37A4-496A-A288-653630A92009}
	EndGlobalSection
EndGlobal
