
Microsoft Visual Studio Solution File, Format Version 12.00
# Visual Studio Version 17
VisualStudioVersion = 17.7.34031.279
MinimumVisualStudioVersion = 10.0.40219.1
Project("{9A19103F-16F7-4668-BE54-9A1E7A4F7556}") = "WifiScannerTri", "WifiScannerTri.csproj", "{DEA8A833-33AB-48F7-B904-996C907829D7}"
EndProject
Project("{9A19103F-16F7-4668-BE54-9A1E7A4F7556}") = "WifiScannerTri.Android", "..\WifiScannerTri.Android\WifiScannerTri.Android.csproj", "{1FC389CC-0504-42BF-AF7D-393BD92D1F33}"
EndProject
Project("{9A19103F-16F7-4668-BE54-9A1E7A4F7556}") = "WifiScannerTri.Desktop", "..\WifiScannerTri.Desktop\WifiScannerTri.Desktop.csproj", "{6D586C4E-79A7-431F-B863-FA7869B39899}"
EndProject
Project("{FAE04EC0-301F-11D3-BF4B-00C04F79EFBC}") = "WifiScannerLib", "..\WifiScanner\WifiScannerLib.csproj", "{AE87D4CA-FC65-4B9F-B258-39D1D9FEF5DA}"
EndProject
Global
	GlobalSection(SolutionConfigurationPlatforms) = preSolution
		Debug|Any CPU = Debug|Any CPU
		Release|Any CPU = Release|Any CPU
	EndGlobalSection
	GlobalSection(ProjectConfigurationPlatforms) = postSolution
		{DEA8A833-33AB-48F7-B904-996C907829D7}.Debug|Any CPU.ActiveCfg = Debug|Any CPU
		{DEA8A833-33AB-48F7-B904-996C907829D7}.Debug|Any CPU.Build.0 = Debug|Any CPU
		{DEA8A833-33AB-48F7-B904-996C907829D7}.Release|Any CPU.ActiveCfg = Release|Any CPU
		{DEA8A833-33AB-48F7-B904-996C907829D7}.Release|Any CPU.Build.0 = Release|Any CPU
		{1FC389CC-0504-42BF-AF7D-393BD92D1F33}.Debug|Any CPU.ActiveCfg = Debug|Any CPU
		{1FC389CC-0504-42BF-AF7D-393BD92D1F33}.Debug|Any CPU.Build.0 = Debug|Any CPU
		{1FC389CC-0504-42BF-AF7D-393BD92D1F33}.Debug|Any CPU.Deploy.0 = Debug|Any CPU
		{1FC389CC-0504-42BF-AF7D-393BD92D1F33}.Release|Any CPU.ActiveCfg = Release|Any CPU
		{1FC389CC-0504-42BF-AF7D-393BD92D1F33}.Release|Any CPU.Build.0 = Release|Any CPU
		{1FC389CC-0504-42BF-AF7D-393BD92D1F33}.Release|Any CPU.Deploy.0 = Release|Any CPU
		{6D586C4E-79A7-431F-B863-FA7869B39899}.Debug|Any CPU.ActiveCfg = Debug|Any CPU
		{6D586C4E-79A7-431F-B863-FA7869B39899}.Debug|Any CPU.Build.0 = Debug|Any CPU
		{6D586C4E-79A7-431F-B863-FA7869B39899}.Release|Any CPU.ActiveCfg = Release|Any CPU
		{6D586C4E-79A7-431F-B863-FA7869B39899}.Release|Any CPU.Build.0 = Release|Any CPU
		{AE87D4CA-FC65-4B9F-B258-39D1D9FEF5DA}.Debug|Any CPU.ActiveCfg = Debug|Any CPU
		{AE87D4CA-FC65-4B9F-B258-39D1D9FEF5DA}.Debug|Any CPU.Build.0 = Debug|Any CPU
		{AE87D4CA-FC65-4B9F-B258-39D1D9FEF5DA}.Release|Any CPU.ActiveCfg = Release|Any CPU
		{AE87D4CA-FC65-4B9F-B258-39D1D9FEF5DA}.Release|Any CPU.Build.0 = Release|Any CPU
	EndGlobalSection
	GlobalSection(SolutionProperties) = preSolution
		HideSolutionNode = FALSE
	EndGlobalSection
	GlobalSection(ExtensibilityGlobals) = postSolution
		SolutionGuid = {99FB6E4E-37A4-496A-A288-653630A92009}
	EndGlobalSection
EndGlobal
