
Microsoft Visual Studio Solution File, Format Version 12.00
# Visual Studio Version 17
VisualStudioVersion = 17.9.34310.174
MinimumVisualStudioVersion = 10.0.40219.1
Project("{FAE04EC0-301F-11D3-BF4B-00C04F79EFBC}") = "DataSorter", "DataSorter.csproj", "{80EA646E-7217-4812-BED2-B240EBC91A28}"
EndProject
Global
	GlobalSection(SolutionConfigurationPlatforms) = preSolution
		Debug|Any CPU = Debug|Any CPU
		Release|Any CPU = Release|Any CPU
	EndGlobalSection
	GlobalSection(ProjectConfigurationPlatforms) = postSolution
		{80EA646E-7217-4812-BED2-B240EBC91A28}.Debug|Any CPU.ActiveCfg = Debug|Any CPU
		{80EA646E-7217-4812-BED2-B240EBC91A28}.Debug|Any CPU.Build.0 = Debug|Any CPU
		{80EA646E-7217-4812-BED2-B240EBC91A28}.Release|Any CPU.ActiveCfg = Release|Any CPU
		{80EA646E-7217-4812-BED2-B240EBC91A28}.Release|Any CPU.Build.0 = Release|Any CPU
	EndGlobalSection
	GlobalSection(SolutionProperties) = preSolution
		HideSolutionNode = FALSE
	EndGlobalSection
	GlobalSection(ExtensibilityGlobals) = postSolution
		SolutionGuid = {3BBE8F98-0EAC-4DA5-829A-B2C83E19A746}
	EndGlobalSection
EndGlobal
